
Microsoft Visual Studio Solution File, Format Version 12.00
# Visual Studio Version 17
VisualStudioVersion = 17.13.35825.156 d17.13
MinimumVisualStudioVersion = 10.0.40219.1
Project("{D2ABAB84-BF74-430A-B69E-9DC6D40DDA17}") = "SSAS_Movilidad2020_Cubo", "SSAS_Movilidad2020_Cubo\SSAS_Movilidad2020_Cubo.dwproj", "{B747470E-EBE1-5CB5-5BB1-23602A4AE094}"
EndProject
Global
	GlobalSection(SolutionConfigurationPlatforms) = preSolution
		Development|Default = Development|Default
	EndGlobalSection
	GlobalSection(ProjectConfigurationPlatforms) = postSolution
		{B747470E-EBE1-5CB5-5BB1-23602A4AE094}.Development|Default.ActiveCfg = Development
		{B747470E-EBE1-5CB5-5BB1-23602A4AE094}.Development|Default.Build.0 = Development
		{B747470E-EBE1-5CB5-5BB1-23602A4AE094}.Development|Default.Deploy.0 = Development
	EndGlobalSection
	GlobalSection(SolutionProperties) = preSolution
		HideSolutionNode = FALSE
	EndGlobalSection
	GlobalSection(ExtensibilityGlobals) = postSolution
		SolutionGuid = {144DFED3-D4EE-418A-AC2B-9178C58FE785}
	EndGlobalSection
EndGlobal
